
Microsoft Visual Studio Solution File, Format Version 12.00
# Visual Studio 2012
Project("{FAE04EC0-301F-11D3-BF4B-00C04F79EFBC}") = "SelesGames.Rest", "SelesGames.Rest\SelesGames.Rest.csproj", "{BF01AF3A-26B9-40F2-BB1E-9C702242B504}"
EndProject
Project("{FAE04EC0-301F-11D3-BF4B-00C04F79EFBC}") = "Ninject.WebApi", "Ninject.WebApi\Ninject.WebApi.csproj", "{BE97F564-16F5-4D09-9218-CC65E89DF2AC}"
EndProject
Project("{2150E333-8FDC-42A3-9474-1A3956D46DE8}") = "Library", "Library", "{F40BEE0B-DF4E-4407-AF75-78C75BFA48BA}"
EndProject
Project("{FAE04EC0-301F-11D3-BF4B-00C04F79EFBC}") = "SelesGames.WebApi", "SelesGames.WebApi\SelesGames.WebApi.csproj", "{BB3EA281-94B3-435F-A1EF-C395A7D1F25A}"
EndProject
Project("{FAE04EC0-301F-11D3-BF4B-00C04F79EFBC}") = "RssAggregator.DTOs", "Weave.RssAggregator.Core\RssAggregator.DTOs.csproj", "{2F1A280D-EE75-4DC1-A36C-F8E5488E3260}"
EndProject
Project("{CC5FD16D-436D-48AD-A40C-5A424C6E3E79}") = "RssAggregator.AzureService", "Weave.RssAggregator.AzureService\RssAggregator.AzureService.ccproj", "{F08AB9B4-B0E5-4B7F-AA1C-5FEB175A6639}"
EndProject
Project("{FAE04EC0-301F-11D3-BF4B-00C04F79EFBC}") = "RssAggregator.HighFrequency", "Weave.RssAggregator.HighFrequency\RssAggregator.HighFrequency.csproj", "{41091951-EAB3-458C-9339-C4A8219FC300}"
EndProject
Project("{2150E333-8FDC-42A3-9474-1A3956D46DE8}") = "Azure", "Azure", "{E941830F-661F-4D18-8A86-CA09DC180883}"
EndProject
Project("{FAE04EC0-301F-11D3-BF4B-00C04F79EFBC}") = "SelesGames.Rest.JsonDotNet", "SelesGames.Rest.JsonDotNet\SelesGames.Rest.JsonDotNet.csproj", "{9C1F9D69-3D6B-4D1C-B262-3DFCDE0746D4}"
EndProject
Project("{FAE04EC0-301F-11D3-BF4B-00C04F79EFBC}") = "RssAggregator.WorkerRole", "Weave.RssAggregator.WorkerRole\RssAggregator.WorkerRole.csproj", "{31E6C664-4807-43B7-8C91-59CB94717CCF}"
EndProject
Project("{2150E333-8FDC-42A3-9474-1A3956D46DE8}") = "Testing", "Testing", "{9F1321D3-15C6-4EF5-8E66-9020A4F0E000}"
EndProject
Project("{FAE04EC0-301F-11D3-BF4B-00C04F79EFBC}") = "RssAggregator.ConsoleTesting", "RssAggregator.ConsoleTesting\RssAggregator.ConsoleTesting.csproj", "{459D8C0D-8033-4EAE-AB3C-CC17B4BABB39}"
EndProject
Project("{2150E333-8FDC-42A3-9474-1A3956D46DE8}") = "Core", "Core", "{4FA4189F-C6C6-4AC8-BBD4-0D1ED29422F8}"
EndProject
Project("{FAE04EC0-301F-11D3-BF4B-00C04F79EFBC}") = "RssAggregator.Client", "RssAggregator.Parsing\RssAggregator.Client.csproj", "{92A8665A-571B-4972-8FC6-0937EE27731E}"
EndProject
Project("{FAE04EC0-301F-11D3-BF4B-00C04F79EFBC}") = "RssAggregator.WebRole", "RssAggregator.WebRole\RssAggregator.WebRole.csproj", "{069940FA-9405-4A4D-A1FC-87886660E5CB}"
EndProject
Project("{2150E333-8FDC-42A3-9474-1A3956D46DE8}") = "SQL", "SQL", "{C13B469C-383F-4DCC-9232-8DFAE68BE7AD}"
EndProject
Project("{00D1A9C2-B5F0-4AF3-8072-F6C62B433612}") = "Weave.Sql", "Weave.Sql\Weave.Sql.sqlproj", "{1AB5CAA3-E2B3-4D0E-8835-85C5263A9B36}"
EndProject
Project("{FAE04EC0-301F-11D3-BF4B-00C04F79EFBC}") = "RssAggregator.Data.Sql", "RssAggregator.Data.Sql\RssAggregator.Data.Sql.csproj", "{2B934BAA-21A6-472E-8D1F-89E7C17DFE5B}"
EndProject
Project("{FAE04EC0-301F-11D3-BF4B-00C04F79EFBC}") = "Common.Data", "Common.Data\Common.Data.csproj", "{CAD7CC28-36E9-4B39-BA90-DF99815904EB}"
EndProject
Project("{FAE04EC0-301F-11D3-BF4B-00C04F79EFBC}") = "Common.Data.Linq", "Common.Data.Linq\Common.Data.Linq.csproj", "{F741017D-FD83-4F35-98A4-57AF366C1B53}"
EndProject
Project("{FAE04EC0-301F-11D3-BF4B-00C04F79EFBC}") = "Common.Validation", "Common.Validation\Common.Validation.csproj", "{937BB6DC-7D95-4BD9-AD2C-CAB94DF4C1DA}"
EndProject
Project("{FAE04EC0-301F-11D3-BF4B-00C04F79EFBC}") = "SelesGames.Common", "SelesGames.Common\SelesGames.Common.csproj", "{5B792C4B-80D8-420D-9FA7-E567FAF1F7B1}"
EndProject
Project("{FAE04EC0-301F-11D3-BF4B-00C04F79EFBC}") = "PackageLoader", "PackageLoader\PackageLoader.csproj", "{A8C02B21-E1F1-48CB-94F8-E418FB75F72F}"
EndProject
Project("{2150E333-8FDC-42A3-9474-1A3956D46DE8}") = "Solution Items", "Solution Items", "{9D952F7B-660F-4C5D-99FB-376B8684B5C3}"
	ProjectSection(SolutionItems) = preProject
		masterfeeds.xml = masterfeeds.xml
	EndProjectSection
EndProject
Project("{FAE04EC0-301F-11D3-BF4B-00C04F79EFBC}") = "RssAggregator.Role.HighFrequency", "RssAggregator.Role.HighFrequency\RssAggregator.Role.HighFrequency.csproj", "{0EF2D384-11E8-48FE-8EC3-2F67AD896628}"
EndProject
Project("{FAE04EC0-301F-11D3-BF4B-00C04F79EFBC}") = "Common.Azure.ServiceBus", "Common.Azure.ServiceBus\Common.Azure.ServiceBus.csproj", "{84165F70-4BEB-46E2-A122-01ADA235950F}"
EndProject
Project("{FAE04EC0-301F-11D3-BF4B-00C04F79EFBC}") = "RssAggregator.LowFrequency", "RssAggregator.LowFrequency\RssAggregator.LowFrequency.csproj", "{BDF7D1EE-A9F2-4971-9EBF-B711D6C4B857}"
EndProject
Project("{FAE04EC0-301F-11D3-BF4B-00C04F79EFBC}") = "Common.TimeFormatting", "Common.DateTime\Common.TimeFormatting.csproj", "{86060D7E-3115-4F54-8008-384B3D7C598E}"
EndProject
Project("{FAE04EC0-301F-11D3-BF4B-00C04F79EFBC}") = "WeaveFeedTester", "WeaveFeedTester\WeaveFeedTester.csproj", "{F3940175-854B-4FA1-88C2-E53F9C436AFE}"
EndProject
Project("{FAE04EC0-301F-11D3-BF4B-00C04F79EFBC}") = "RssAggregator.LibraryClient", "RssAggregator.LibraryClient\RssAggregator.LibraryClient.csproj", "{2DB284EB-5B81-425A-957E-77EEB704EBDC}"
EndProject
Global
	GlobalSection(SolutionConfigurationPlatforms) = preSolution
		Debug|Any CPU = Debug|Any CPU
		Debug|ARM = Debug|ARM
		Debug|Mixed Platforms = Debug|Mixed Platforms
		Debug|x86 = Debug|x86
		Release|Any CPU = Release|Any CPU
		Release|ARM = Release|ARM
		Release|Mixed Platforms = Release|Mixed Platforms
		Release|x86 = Release|x86
	EndGlobalSection
	GlobalSection(ProjectConfigurationPlatforms) = postSolution
		{BF01AF3A-26B9-40F2-BB1E-9C702242B504}.Debug|Any CPU.ActiveCfg = Debug|Any CPU
		{BF01AF3A-26B9-40F2-BB1E-9C702242B504}.Debug|Any CPU.Build.0 = Debug|Any CPU
		{BF01AF3A-26B9-40F2-BB1E-9C702242B504}.Debug|ARM.ActiveCfg = Debug|Any CPU
		{BF01AF3A-26B9-40F2-BB1E-9C702242B504}.Debug|Mixed Platforms.ActiveCfg = Debug|Any CPU
		{BF01AF3A-26B9-40F2-BB1E-9C702242B504}.Debug|Mixed Platforms.Build.0 = Debug|Any CPU
		{BF01AF3A-26B9-40F2-BB1E-9C702242B504}.Debug|x86.ActiveCfg = Debug|Any CPU
		{BF01AF3A-26B9-40F2-BB1E-9C702242B504}.Release|Any CPU.ActiveCfg = Release|Any CPU
		{BF01AF3A-26B9-40F2-BB1E-9C702242B504}.Release|Any CPU.Build.0 = Release|Any CPU
		{BF01AF3A-26B9-40F2-BB1E-9C702242B504}.Release|ARM.ActiveCfg = Release|Any CPU
		{BF01AF3A-26B9-40F2-BB1E-9C702242B504}.Release|Mixed Platforms.ActiveCfg = Release|Any CPU
		{BF01AF3A-26B9-40F2-BB1E-9C702242B504}.Release|Mixed Platforms.Build.0 = Release|Any CPU
		{BF01AF3A-26B9-40F2-BB1E-9C702242B504}.Release|x86.ActiveCfg = Release|Any CPU
		{BE97F564-16F5-4D09-9218-CC65E89DF2AC}.Debug|Any CPU.ActiveCfg = Debug|Any CPU
		{BE97F564-16F5-4D09-9218-CC65E89DF2AC}.Debug|Any CPU.Build.0 = Debug|Any CPU
		{BE97F564-16F5-4D09-9218-CC65E89DF2AC}.Debug|ARM.ActiveCfg = Debug|Any CPU
		{BE97F564-16F5-4D09-9218-CC65E89DF2AC}.Debug|Mixed Platforms.ActiveCfg = Debug|Any CPU
		{BE97F564-16F5-4D09-9218-CC65E89DF2AC}.Debug|Mixed Platforms.Build.0 = Debug|Any CPU
		{BE97F564-16F5-4D09-9218-CC65E89DF2AC}.Debug|x86.ActiveCfg = Debug|Any CPU
		{BE97F564-16F5-4D09-9218-CC65E89DF2AC}.Release|Any CPU.ActiveCfg = Release|Any CPU
		{BE97F564-16F5-4D09-9218-CC65E89DF2AC}.Release|Any CPU.Build.0 = Release|Any CPU
		{BE97F564-16F5-4D09-9218-CC65E89DF2AC}.Release|ARM.ActiveCfg = Release|Any CPU
		{BE97F564-16F5-4D09-9218-CC65E89DF2AC}.Release|Mixed Platforms.ActiveCfg = Release|Any CPU
		{BE97F564-16F5-4D09-9218-CC65E89DF2AC}.Release|Mixed Platforms.Build.0 = Release|Any CPU
		{BE97F564-16F5-4D09-9218-CC65E89DF2AC}.Release|x86.ActiveCfg = Release|Any CPU
		{BB3EA281-94B3-435F-A1EF-C395A7D1F25A}.Debug|Any CPU.ActiveCfg = Debug|Any CPU
		{BB3EA281-94B3-435F-A1EF-C395A7D1F25A}.Debug|Any CPU.Build.0 = Debug|Any CPU
		{BB3EA281-94B3-435F-A1EF-C395A7D1F25A}.Debug|ARM.ActiveCfg = Debug|Any CPU
		{BB3EA281-94B3-435F-A1EF-C395A7D1F25A}.Debug|Mixed Platforms.ActiveCfg = Debug|Any CPU
		{BB3EA281-94B3-435F-A1EF-C395A7D1F25A}.Debug|Mixed Platforms.Build.0 = Debug|Any CPU
		{BB3EA281-94B3-435F-A1EF-C395A7D1F25A}.Debug|x86.ActiveCfg = Debug|Any CPU
		{BB3EA281-94B3-435F-A1EF-C395A7D1F25A}.Release|Any CPU.ActiveCfg = Release|Any CPU
		{BB3EA281-94B3-435F-A1EF-C395A7D1F25A}.Release|Any CPU.Build.0 = Release|Any CPU
		{BB3EA281-94B3-435F-A1EF-C395A7D1F25A}.Release|ARM.ActiveCfg = Release|Any CPU
		{BB3EA281-94B3-435F-A1EF-C395A7D1F25A}.Release|Mixed Platforms.ActiveCfg = Release|Any CPU
		{BB3EA281-94B3-435F-A1EF-C395A7D1F25A}.Release|Mixed Platforms.Build.0 = Release|Any CPU
		{BB3EA281-94B3-435F-A1EF-C395A7D1F25A}.Release|x86.ActiveCfg = Release|Any CPU
		{2F1A280D-EE75-4DC1-A36C-F8E5488E3260}.Debug|Any CPU.ActiveCfg = Debug|Any CPU
		{2F1A280D-EE75-4DC1-A36C-F8E5488E3260}.Debug|Any CPU.Build.0 = Debug|Any CPU
		{2F1A280D-EE75-4DC1-A36C-F8E5488E3260}.Debug|ARM.ActiveCfg = Debug|Any CPU
		{2F1A280D-EE75-4DC1-A36C-F8E5488E3260}.Debug|Mixed Platforms.ActiveCfg = Debug|Any CPU
		{2F1A280D-EE75-4DC1-A36C-F8E5488E3260}.Debug|Mixed Platforms.Build.0 = Debug|Any CPU
		{2F1A280D-EE75-4DC1-A36C-F8E5488E3260}.Debug|x86.ActiveCfg = Debug|Any CPU
		{2F1A280D-EE75-4DC1-A36C-F8E5488E3260}.Release|Any CPU.ActiveCfg = Release|Any CPU
		{2F1A280D-EE75-4DC1-A36C-F8E5488E3260}.Release|Any CPU.Build.0 = Release|Any CPU
		{2F1A280D-EE75-4DC1-A36C-F8E5488E3260}.Release|ARM.ActiveCfg = Release|Any CPU
		{2F1A280D-EE75-4DC1-A36C-F8E5488E3260}.Release|Mixed Platforms.ActiveCfg = Release|Any CPU
		{2F1A280D-EE75-4DC1-A36C-F8E5488E3260}.Release|Mixed Platforms.Build.0 = Release|Any CPU
		{2F1A280D-EE75-4DC1-A36C-F8E5488E3260}.Release|x86.ActiveCfg = Release|Any CPU
		{F08AB9B4-B0E5-4B7F-AA1C-5FEB175A6639}.Debug|Any CPU.ActiveCfg = Debug|Any CPU
		{F08AB9B4-B0E5-4B7F-AA1C-5FEB175A6639}.Debug|Any CPU.Build.0 = Debug|Any CPU
		{F08AB9B4-B0E5-4B7F-AA1C-5FEB175A6639}.Debug|ARM.ActiveCfg = Debug|Any CPU
		{F08AB9B4-B0E5-4B7F-AA1C-5FEB175A6639}.Debug|Mixed Platforms.ActiveCfg = Debug|Any CPU
		{F08AB9B4-B0E5-4B7F-AA1C-5FEB175A6639}.Debug|Mixed Platforms.Build.0 = Debug|Any CPU
		{F08AB9B4-B0E5-4B7F-AA1C-5FEB175A6639}.Debug|x86.ActiveCfg = Debug|Any CPU
		{F08AB9B4-B0E5-4B7F-AA1C-5FEB175A6639}.Release|Any CPU.ActiveCfg = Release|Any CPU
		{F08AB9B4-B0E5-4B7F-AA1C-5FEB175A6639}.Release|Any CPU.Build.0 = Release|Any CPU
		{F08AB9B4-B0E5-4B7F-AA1C-5FEB175A6639}.Release|ARM.ActiveCfg = Release|Any CPU
		{F08AB9B4-B0E5-4B7F-AA1C-5FEB175A6639}.Release|Mixed Platforms.ActiveCfg = Release|Any CPU
		{F08AB9B4-B0E5-4B7F-AA1C-5FEB175A6639}.Release|Mixed Platforms.Build.0 = Release|Any CPU
		{F08AB9B4-B0E5-4B7F-AA1C-5FEB175A6639}.Release|x86.ActiveCfg = Release|Any CPU
		{41091951-EAB3-458C-9339-C4A8219FC300}.Debug|Any CPU.ActiveCfg = Debug|Any CPU
		{41091951-EAB3-458C-9339-C4A8219FC300}.Debug|Any CPU.Build.0 = Debug|Any CPU
		{41091951-EAB3-458C-9339-C4A8219FC300}.Debug|ARM.ActiveCfg = Debug|Any CPU
		{41091951-EAB3-458C-9339-C4A8219FC300}.Debug|Mixed Platforms.ActiveCfg = Debug|Any CPU
		{41091951-EAB3-458C-9339-C4A8219FC300}.Debug|Mixed Platforms.Build.0 = Debug|Any CPU
		{41091951-EAB3-458C-9339-C4A8219FC300}.Debug|x86.ActiveCfg = Debug|Any CPU
		{41091951-EAB3-458C-9339-C4A8219FC300}.Release|Any CPU.ActiveCfg = Release|Any CPU
		{41091951-EAB3-458C-9339-C4A8219FC300}.Release|Any CPU.Build.0 = Release|Any CPU
		{41091951-EAB3-458C-9339-C4A8219FC300}.Release|ARM.ActiveCfg = Release|Any CPU
		{41091951-EAB3-458C-9339-C4A8219FC300}.Release|Mixed Platforms.ActiveCfg = Release|Any CPU
		{41091951-EAB3-458C-9339-C4A8219FC300}.Release|Mixed Platforms.Build.0 = Release|Any CPU
		{41091951-EAB3-458C-9339-C4A8219FC300}.Release|x86.ActiveCfg = Release|Any CPU
		{9C1F9D69-3D6B-4D1C-B262-3DFCDE0746D4}.Debug|Any CPU.ActiveCfg = Debug|Any CPU
		{9C1F9D69-3D6B-4D1C-B262-3DFCDE0746D4}.Debug|Any CPU.Build.0 = Debug|Any CPU
		{9C1F9D69-3D6B-4D1C-B262-3DFCDE0746D4}.Debug|ARM.ActiveCfg = Debug|Any CPU
		{9C1F9D69-3D6B-4D1C-B262-3DFCDE0746D4}.Debug|Mixed Platforms.ActiveCfg = Debug|Any CPU
		{9C1F9D69-3D6B-4D1C-B262-3DFCDE0746D4}.Debug|Mixed Platforms.Build.0 = Debug|Any CPU
		{9C1F9D69-3D6B-4D1C-B262-3DFCDE0746D4}.Debug|x86.ActiveCfg = Debug|Any CPU
		{9C1F9D69-3D6B-4D1C-B262-3DFCDE0746D4}.Release|Any CPU.ActiveCfg = Release|Any CPU
		{9C1F9D69-3D6B-4D1C-B262-3DFCDE0746D4}.Release|Any CPU.Build.0 = Release|Any CPU
		{9C1F9D69-3D6B-4D1C-B262-3DFCDE0746D4}.Release|ARM.ActiveCfg = Release|Any CPU
		{9C1F9D69-3D6B-4D1C-B262-3DFCDE0746D4}.Release|Mixed Platforms.ActiveCfg = Release|Any CPU
		{9C1F9D69-3D6B-4D1C-B262-3DFCDE0746D4}.Release|Mixed Platforms.Build.0 = Release|Any CPU
		{9C1F9D69-3D6B-4D1C-B262-3DFCDE0746D4}.Release|x86.ActiveCfg = Release|Any CPU
		{31E6C664-4807-43B7-8C91-59CB94717CCF}.Debug|Any CPU.ActiveCfg = Debug|Any CPU
		{31E6C664-4807-43B7-8C91-59CB94717CCF}.Debug|Any CPU.Build.0 = Debug|Any CPU
		{31E6C664-4807-43B7-8C91-59CB94717CCF}.Debug|ARM.ActiveCfg = Debug|Any CPU
		{31E6C664-4807-43B7-8C91-59CB94717CCF}.Debug|Mixed Platforms.ActiveCfg = Debug|Any CPU
		{31E6C664-4807-43B7-8C91-59CB94717CCF}.Debug|Mixed Platforms.Build.0 = Debug|Any CPU
		{31E6C664-4807-43B7-8C91-59CB94717CCF}.Debug|x86.ActiveCfg = Debug|Any CPU
		{31E6C664-4807-43B7-8C91-59CB94717CCF}.Release|Any CPU.ActiveCfg = Release|Any CPU
		{31E6C664-4807-43B7-8C91-59CB94717CCF}.Release|Any CPU.Build.0 = Release|Any CPU
		{31E6C664-4807-43B7-8C91-59CB94717CCF}.Release|ARM.ActiveCfg = Release|Any CPU
		{31E6C664-4807-43B7-8C91-59CB94717CCF}.Release|Mixed Platforms.ActiveCfg = Release|Any CPU
		{31E6C664-4807-43B7-8C91-59CB94717CCF}.Release|Mixed Platforms.Build.0 = Release|Any CPU
		{31E6C664-4807-43B7-8C91-59CB94717CCF}.Release|x86.ActiveCfg = Release|Any CPU
		{459D8C0D-8033-4EAE-AB3C-CC17B4BABB39}.Debug|Any CPU.ActiveCfg = Debug|Any CPU
		{459D8C0D-8033-4EAE-AB3C-CC17B4BABB39}.Debug|Any CPU.Build.0 = Debug|Any CPU
		{459D8C0D-8033-4EAE-AB3C-CC17B4BABB39}.Debug|ARM.ActiveCfg = Debug|Any CPU
		{459D8C0D-8033-4EAE-AB3C-CC17B4BABB39}.Debug|Mixed Platforms.ActiveCfg = Debug|Any CPU
		{459D8C0D-8033-4EAE-AB3C-CC17B4BABB39}.Debug|Mixed Platforms.Build.0 = Debug|Any CPU
		{459D8C0D-8033-4EAE-AB3C-CC17B4BABB39}.Debug|x86.ActiveCfg = Debug|Any CPU
		{459D8C0D-8033-4EAE-AB3C-CC17B4BABB39}.Release|Any CPU.ActiveCfg = Release|Any CPU
		{459D8C0D-8033-4EAE-AB3C-CC17B4BABB39}.Release|Any CPU.Build.0 = Release|Any CPU
		{459D8C0D-8033-4EAE-AB3C-CC17B4BABB39}.Release|ARM.ActiveCfg = Release|Any CPU
		{459D8C0D-8033-4EAE-AB3C-CC17B4BABB39}.Release|Mixed Platforms.ActiveCfg = Release|Any CPU
		{459D8C0D-8033-4EAE-AB3C-CC17B4BABB39}.Release|Mixed Platforms.Build.0 = Release|Any CPU
		{459D8C0D-8033-4EAE-AB3C-CC17B4BABB39}.Release|x86.ActiveCfg = Release|Any CPU
		{92A8665A-571B-4972-8FC6-0937EE27731E}.Debug|Any CPU.ActiveCfg = Debug|Any CPU
		{92A8665A-571B-4972-8FC6-0937EE27731E}.Debug|Any CPU.Build.0 = Debug|Any CPU
		{92A8665A-571B-4972-8FC6-0937EE27731E}.Debug|ARM.ActiveCfg = Debug|Any CPU
		{92A8665A-571B-4972-8FC6-0937EE27731E}.Debug|Mixed Platforms.ActiveCfg = Debug|Any CPU
		{92A8665A-571B-4972-8FC6-0937EE27731E}.Debug|Mixed Platforms.Build.0 = Debug|Any CPU
		{92A8665A-571B-4972-8FC6-0937EE27731E}.Debug|x86.ActiveCfg = Debug|Any CPU
		{92A8665A-571B-4972-8FC6-0937EE27731E}.Release|Any CPU.ActiveCfg = Release|Any CPU
		{92A8665A-571B-4972-8FC6-0937EE27731E}.Release|Any CPU.Build.0 = Release|Any CPU
		{92A8665A-571B-4972-8FC6-0937EE27731E}.Release|ARM.ActiveCfg = Release|Any CPU
		{92A8665A-571B-4972-8FC6-0937EE27731E}.Release|Mixed Platforms.ActiveCfg = Release|Any CPU
		{92A8665A-571B-4972-8FC6-0937EE27731E}.Release|Mixed Platforms.Build.0 = Release|Any CPU
		{92A8665A-571B-4972-8FC6-0937EE27731E}.Release|x86.ActiveCfg = Release|Any CPU
		{069940FA-9405-4A4D-A1FC-87886660E5CB}.Debug|Any CPU.ActiveCfg = Debug|Any CPU
		{069940FA-9405-4A4D-A1FC-87886660E5CB}.Debug|Any CPU.Build.0 = Debug|Any CPU
		{069940FA-9405-4A4D-A1FC-87886660E5CB}.Debug|ARM.ActiveCfg = Debug|Any CPU
		{069940FA-9405-4A4D-A1FC-87886660E5CB}.Debug|Mixed Platforms.ActiveCfg = Debug|Any CPU
		{069940FA-9405-4A4D-A1FC-87886660E5CB}.Debug|Mixed Platforms.Build.0 = Debug|Any CPU
		{069940FA-9405-4A4D-A1FC-87886660E5CB}.Debug|x86.ActiveCfg = Debug|Any CPU
		{069940FA-9405-4A4D-A1FC-87886660E5CB}.Release|Any CPU.ActiveCfg = Release|Any CPU
		{069940FA-9405-4A4D-A1FC-87886660E5CB}.Release|Any CPU.Build.0 = Release|Any CPU
		{069940FA-9405-4A4D-A1FC-87886660E5CB}.Release|ARM.ActiveCfg = Release|Any CPU
		{069940FA-9405-4A4D-A1FC-87886660E5CB}.Release|Mixed Platforms.ActiveCfg = Release|Any CPU
		{069940FA-9405-4A4D-A1FC-87886660E5CB}.Release|Mixed Platforms.Build.0 = Release|Any CPU
		{069940FA-9405-4A4D-A1FC-87886660E5CB}.Release|x86.ActiveCfg = Release|Any CPU
		{1AB5CAA3-E2B3-4D0E-8835-85C5263A9B36}.Debug|Any CPU.ActiveCfg = Debug|Any CPU
		{1AB5CAA3-E2B3-4D0E-8835-85C5263A9B36}.Debug|Any CPU.Build.0 = Debug|Any CPU
		{1AB5CAA3-E2B3-4D0E-8835-85C5263A9B36}.Debug|Any CPU.Deploy.0 = Debug|Any CPU
		{1AB5CAA3-E2B3-4D0E-8835-85C5263A9B36}.Debug|ARM.ActiveCfg = Debug|Any CPU
		{1AB5CAA3-E2B3-4D0E-8835-85C5263A9B36}.Debug|Mixed Platforms.ActiveCfg = Debug|Any CPU
		{1AB5CAA3-E2B3-4D0E-8835-85C5263A9B36}.Debug|Mixed Platforms.Build.0 = Debug|Any CPU
		{1AB5CAA3-E2B3-4D0E-8835-85C5263A9B36}.Debug|Mixed Platforms.Deploy.0 = Debug|Any CPU
		{1AB5CAA3-E2B3-4D0E-8835-85C5263A9B36}.Debug|x86.ActiveCfg = Debug|Any CPU
		{1AB5CAA3-E2B3-4D0E-8835-85C5263A9B36}.Release|Any CPU.ActiveCfg = Release|Any CPU
		{1AB5CAA3-E2B3-4D0E-8835-85C5263A9B36}.Release|Any CPU.Build.0 = Release|Any CPU
		{1AB5CAA3-E2B3-4D0E-8835-85C5263A9B36}.Release|Any CPU.Deploy.0 = Release|Any CPU
		{1AB5CAA3-E2B3-4D0E-8835-85C5263A9B36}.Release|ARM.ActiveCfg = Release|Any CPU
		{1AB5CAA3-E2B3-4D0E-8835-85C5263A9B36}.Release|Mixed Platforms.ActiveCfg = Release|Any CPU
		{1AB5CAA3-E2B3-4D0E-8835-85C5263A9B36}.Release|Mixed Platforms.Build.0 = Release|Any CPU
		{1AB5CAA3-E2B3-4D0E-8835-85C5263A9B36}.Release|Mixed Platforms.Deploy.0 = Release|Any CPU
		{1AB5CAA3-E2B3-4D0E-8835-85C5263A9B36}.Release|x86.ActiveCfg = Release|Any CPU
		{2B934BAA-21A6-472E-8D1F-89E7C17DFE5B}.Debug|Any CPU.ActiveCfg = Debug|Any CPU
		{2B934BAA-21A6-472E-8D1F-89E7C17DFE5B}.Debug|Any CPU.Build.0 = Debug|Any CPU
		{2B934BAA-21A6-472E-8D1F-89E7C17DFE5B}.Debug|ARM.ActiveCfg = Debug|Any CPU
		{2B934BAA-21A6-472E-8D1F-89E7C17DFE5B}.Debug|Mixed Platforms.ActiveCfg = Debug|Any CPU
		{2B934BAA-21A6-472E-8D1F-89E7C17DFE5B}.Debug|Mixed Platforms.Build.0 = Debug|Any CPU
		{2B934BAA-21A6-472E-8D1F-89E7C17DFE5B}.Debug|x86.ActiveCfg = Debug|Any CPU
		{2B934BAA-21A6-472E-8D1F-89E7C17DFE5B}.Release|Any CPU.ActiveCfg = Release|Any CPU
		{2B934BAA-21A6-472E-8D1F-89E7C17DFE5B}.Release|Any CPU.Build.0 = Release|Any CPU
		{2B934BAA-21A6-472E-8D1F-89E7C17DFE5B}.Release|ARM.ActiveCfg = Release|Any CPU
		{2B934BAA-21A6-472E-8D1F-89E7C17DFE5B}.Release|Mixed Platforms.ActiveCfg = Release|Any CPU
		{2B934BAA-21A6-472E-8D1F-89E7C17DFE5B}.Release|Mixed Platforms.Build.0 = Release|Any CPU
		{2B934BAA-21A6-472E-8D1F-89E7C17DFE5B}.Release|x86.ActiveCfg = Release|Any CPU
		{CAD7CC28-36E9-4B39-BA90-DF99815904EB}.Debug|Any CPU.ActiveCfg = Debug|Any CPU
		{CAD7CC28-36E9-4B39-BA90-DF99815904EB}.Debug|Any CPU.Build.0 = Debug|Any CPU
		{CAD7CC28-36E9-4B39-BA90-DF99815904EB}.Debug|ARM.ActiveCfg = Debug|Any CPU
		{CAD7CC28-36E9-4B39-BA90-DF99815904EB}.Debug|Mixed Platforms.ActiveCfg = Debug|Any CPU
		{CAD7CC28-36E9-4B39-BA90-DF99815904EB}.Debug|Mixed Platforms.Build.0 = Debug|Any CPU
		{CAD7CC28-36E9-4B39-BA90-DF99815904EB}.Debug|x86.ActiveCfg = Debug|Any CPU
		{CAD7CC28-36E9-4B39-BA90-DF99815904EB}.Release|Any CPU.ActiveCfg = Release|Any CPU
		{CAD7CC28-36E9-4B39-BA90-DF99815904EB}.Release|Any CPU.Build.0 = Release|Any CPU
		{CAD7CC28-36E9-4B39-BA90-DF99815904EB}.Release|ARM.ActiveCfg = Release|Any CPU
		{CAD7CC28-36E9-4B39-BA90-DF99815904EB}.Release|Mixed Platforms.ActiveCfg = Release|Any CPU
		{CAD7CC28-36E9-4B39-BA90-DF99815904EB}.Release|Mixed Platforms.Build.0 = Release|Any CPU
		{CAD7CC28-36E9-4B39-BA90-DF99815904EB}.Release|x86.ActiveCfg = Release|Any CPU
		{F741017D-FD83-4F35-98A4-57AF366C1B53}.Debug|Any CPU.ActiveCfg = Debug|Any CPU
		{F741017D-FD83-4F35-98A4-57AF366C1B53}.Debug|Any CPU.Build.0 = Debug|Any CPU
		{F741017D-FD83-4F35-98A4-57AF366C1B53}.Debug|ARM.ActiveCfg = Debug|Any CPU
		{F741017D-FD83-4F35-98A4-57AF366C1B53}.Debug|Mixed Platforms.ActiveCfg = Debug|Any CPU
		{F741017D-FD83-4F35-98A4-57AF366C1B53}.Debug|Mixed Platforms.Build.0 = Debug|Any CPU
		{F741017D-FD83-4F35-98A4-57AF366C1B53}.Debug|x86.ActiveCfg = Debug|Any CPU
		{F741017D-FD83-4F35-98A4-57AF366C1B53}.Release|Any CPU.ActiveCfg = Release|Any CPU
		{F741017D-FD83-4F35-98A4-57AF366C1B53}.Release|Any CPU.Build.0 = Release|Any CPU
		{F741017D-FD83-4F35-98A4-57AF366C1B53}.Release|ARM.ActiveCfg = Release|Any CPU
		{F741017D-FD83-4F35-98A4-57AF366C1B53}.Release|Mixed Platforms.ActiveCfg = Release|Any CPU
		{F741017D-FD83-4F35-98A4-57AF366C1B53}.Release|Mixed Platforms.Build.0 = Release|Any CPU
		{F741017D-FD83-4F35-98A4-57AF366C1B53}.Release|x86.ActiveCfg = Release|Any CPU
		{937BB6DC-7D95-4BD9-AD2C-CAB94DF4C1DA}.Debug|Any CPU.ActiveCfg = Debug|Any CPU
		{937BB6DC-7D95-4BD9-AD2C-CAB94DF4C1DA}.Debug|Any CPU.Build.0 = Debug|Any CPU
		{937BB6DC-7D95-4BD9-AD2C-CAB94DF4C1DA}.Debug|ARM.ActiveCfg = Debug|Any CPU
		{937BB6DC-7D95-4BD9-AD2C-CAB94DF4C1DA}.Debug|Mixed Platforms.ActiveCfg = Debug|Any CPU
		{937BB6DC-7D95-4BD9-AD2C-CAB94DF4C1DA}.Debug|Mixed Platforms.Build.0 = Debug|Any CPU
		{937BB6DC-7D95-4BD9-AD2C-CAB94DF4C1DA}.Debug|x86.ActiveCfg = Debug|Any CPU
		{937BB6DC-7D95-4BD9-AD2C-CAB94DF4C1DA}.Release|Any CPU.ActiveCfg = Release|Any CPU
		{937BB6DC-7D95-4BD9-AD2C-CAB94DF4C1DA}.Release|Any CPU.Build.0 = Release|Any CPU
		{937BB6DC-7D95-4BD9-AD2C-CAB94DF4C1DA}.Release|ARM.ActiveCfg = Release|Any CPU
		{937BB6DC-7D95-4BD9-AD2C-CAB94DF4C1DA}.Release|Mixed Platforms.ActiveCfg = Release|Any CPU
		{937BB6DC-7D95-4BD9-AD2C-CAB94DF4C1DA}.Release|Mixed Platforms.Build.0 = Release|Any CPU
		{937BB6DC-7D95-4BD9-AD2C-CAB94DF4C1DA}.Release|x86.ActiveCfg = Release|Any CPU
		{5B792C4B-80D8-420D-9FA7-E567FAF1F7B1}.Debug|Any CPU.ActiveCfg = Debug|Any CPU
		{5B792C4B-80D8-420D-9FA7-E567FAF1F7B1}.Debug|Any CPU.Build.0 = Debug|Any CPU
		{5B792C4B-80D8-420D-9FA7-E567FAF1F7B1}.Debug|ARM.ActiveCfg = Debug|Any CPU
		{5B792C4B-80D8-420D-9FA7-E567FAF1F7B1}.Debug|Mixed Platforms.ActiveCfg = Debug|Any CPU
		{5B792C4B-80D8-420D-9FA7-E567FAF1F7B1}.Debug|Mixed Platforms.Build.0 = Debug|Any CPU
		{5B792C4B-80D8-420D-9FA7-E567FAF1F7B1}.Debug|x86.ActiveCfg = Debug|Any CPU
		{5B792C4B-80D8-420D-9FA7-E567FAF1F7B1}.Release|Any CPU.ActiveCfg = Release|Any CPU
		{5B792C4B-80D8-420D-9FA7-E567FAF1F7B1}.Release|Any CPU.Build.0 = Release|Any CPU
		{5B792C4B-80D8-420D-9FA7-E567FAF1F7B1}.Release|ARM.ActiveCfg = Release|Any CPU
		{5B792C4B-80D8-420D-9FA7-E567FAF1F7B1}.Release|Mixed Platforms.ActiveCfg = Release|Any CPU
		{5B792C4B-80D8-420D-9FA7-E567FAF1F7B1}.Release|Mixed Platforms.Build.0 = Release|Any CPU
		{5B792C4B-80D8-420D-9FA7-E567FAF1F7B1}.Release|x86.ActiveCfg = Release|Any CPU
		{A8C02B21-E1F1-48CB-94F8-E418FB75F72F}.Debug|Any CPU.ActiveCfg = Debug|Any CPU
		{A8C02B21-E1F1-48CB-94F8-E418FB75F72F}.Debug|Any CPU.Build.0 = Debug|Any CPU
		{A8C02B21-E1F1-48CB-94F8-E418FB75F72F}.Debug|ARM.ActiveCfg = Debug|Any CPU
		{A8C02B21-E1F1-48CB-94F8-E418FB75F72F}.Debug|Mixed Platforms.ActiveCfg = Debug|Any CPU
		{A8C02B21-E1F1-48CB-94F8-E418FB75F72F}.Debug|Mixed Platforms.Build.0 = Debug|Any CPU
		{A8C02B21-E1F1-48CB-94F8-E418FB75F72F}.Debug|x86.ActiveCfg = Debug|Any CPU
		{A8C02B21-E1F1-48CB-94F8-E418FB75F72F}.Release|Any CPU.ActiveCfg = Release|Any CPU
		{A8C02B21-E1F1-48CB-94F8-E418FB75F72F}.Release|Any CPU.Build.0 = Release|Any CPU
		{A8C02B21-E1F1-48CB-94F8-E418FB75F72F}.Release|ARM.ActiveCfg = Release|Any CPU
		{A8C02B21-E1F1-48CB-94F8-E418FB75F72F}.Release|Mixed Platforms.ActiveCfg = Release|Any CPU
		{A8C02B21-E1F1-48CB-94F8-E418FB75F72F}.Release|Mixed Platforms.Build.0 = Release|Any CPU
		{A8C02B21-E1F1-48CB-94F8-E418FB75F72F}.Release|x86.ActiveCfg = Release|Any CPU
		{0EF2D384-11E8-48FE-8EC3-2F67AD896628}.Debug|Any CPU.ActiveCfg = Debug|Any CPU
		{0EF2D384-11E8-48FE-8EC3-2F67AD896628}.Debug|Any CPU.Build.0 = Debug|Any CPU
		{0EF2D384-11E8-48FE-8EC3-2F67AD896628}.Debug|ARM.ActiveCfg = Debug|Any CPU
		{0EF2D384-11E8-48FE-8EC3-2F67AD896628}.Debug|Mixed Platforms.ActiveCfg = Debug|Any CPU
		{0EF2D384-11E8-48FE-8EC3-2F67AD896628}.Debug|Mixed Platforms.Build.0 = Debug|Any CPU
		{0EF2D384-11E8-48FE-8EC3-2F67AD896628}.Debug|x86.ActiveCfg = Debug|Any CPU
		{0EF2D384-11E8-48FE-8EC3-2F67AD896628}.Release|Any CPU.ActiveCfg = Release|Any CPU
		{0EF2D384-11E8-48FE-8EC3-2F67AD896628}.Release|Any CPU.Build.0 = Release|Any CPU
		{0EF2D384-11E8-48FE-8EC3-2F67AD896628}.Release|ARM.ActiveCfg = Release|Any CPU
		{0EF2D384-11E8-48FE-8EC3-2F67AD896628}.Release|Mixed Platforms.ActiveCfg = Release|Any CPU
		{0EF2D384-11E8-48FE-8EC3-2F67AD896628}.Release|Mixed Platforms.Build.0 = Release|Any CPU
		{0EF2D384-11E8-48FE-8EC3-2F67AD896628}.Release|x86.ActiveCfg = Release|Any CPU
		{84165F70-4BEB-46E2-A122-01ADA235950F}.Debug|Any CPU.ActiveCfg = Debug|Any CPU
		{84165F70-4BEB-46E2-A122-01ADA235950F}.Debug|Any CPU.Build.0 = Debug|Any CPU
		{84165F70-4BEB-46E2-A122-01ADA235950F}.Debug|ARM.ActiveCfg = Debug|Any CPU
		{84165F70-4BEB-46E2-A122-01ADA235950F}.Debug|Mixed Platforms.ActiveCfg = Debug|Any CPU
		{84165F70-4BEB-46E2-A122-01ADA235950F}.Debug|Mixed Platforms.Build.0 = Debug|Any CPU
		{84165F70-4BEB-46E2-A122-01ADA235950F}.Debug|x86.ActiveCfg = Debug|Any CPU
		{84165F70-4BEB-46E2-A122-01ADA235950F}.Release|Any CPU.ActiveCfg = Release|Any CPU
		{84165F70-4BEB-46E2-A122-01ADA235950F}.Release|Any CPU.Build.0 = Release|Any CPU
		{84165F70-4BEB-46E2-A122-01ADA235950F}.Release|ARM.ActiveCfg = Release|Any CPU
		{84165F70-4BEB-46E2-A122-01ADA235950F}.Release|Mixed Platforms.ActiveCfg = Release|Any CPU
		{84165F70-4BEB-46E2-A122-01ADA235950F}.Release|Mixed Platforms.Build.0 = Release|Any CPU
		{84165F70-4BEB-46E2-A122-01ADA235950F}.Release|x86.ActiveCfg = Release|Any CPU
		{BDF7D1EE-A9F2-4971-9EBF-B711D6C4B857}.Debug|Any CPU.ActiveCfg = Debug|Any CPU
		{BDF7D1EE-A9F2-4971-9EBF-B711D6C4B857}.Debug|Any CPU.Build.0 = Debug|Any CPU
		{BDF7D1EE-A9F2-4971-9EBF-B711D6C4B857}.Debug|ARM.ActiveCfg = Debug|Any CPU
		{BDF7D1EE-A9F2-4971-9EBF-B711D6C4B857}.Debug|Mixed Platforms.ActiveCfg = Debug|Any CPU
		{BDF7D1EE-A9F2-4971-9EBF-B711D6C4B857}.Debug|Mixed Platforms.Build.0 = Debug|Any CPU
		{BDF7D1EE-A9F2-4971-9EBF-B711D6C4B857}.Debug|x86.ActiveCfg = Debug|Any CPU
		{BDF7D1EE-A9F2-4971-9EBF-B711D6C4B857}.Release|Any CPU.ActiveCfg = Release|Any CPU
		{BDF7D1EE-A9F2-4971-9EBF-B711D6C4B857}.Release|Any CPU.Build.0 = Release|Any CPU
		{BDF7D1EE-A9F2-4971-9EBF-B711D6C4B857}.Release|ARM.ActiveCfg = Release|Any CPU
		{BDF7D1EE-A9F2-4971-9EBF-B711D6C4B857}.Release|Mixed Platforms.ActiveCfg = Release|Any CPU
		{BDF7D1EE-A9F2-4971-9EBF-B711D6C4B857}.Release|Mixed Platforms.Build.0 = Release|Any CPU
		{BDF7D1EE-A9F2-4971-9EBF-B711D6C4B857}.Release|x86.ActiveCfg = Release|Any CPU
		{86060D7E-3115-4F54-8008-384B3D7C598E}.Debug|Any CPU.ActiveCfg = Debug|Any CPU
		{86060D7E-3115-4F54-8008-384B3D7C598E}.Debug|Any CPU.Build.0 = Debug|Any CPU
		{86060D7E-3115-4F54-8008-384B3D7C598E}.Debug|ARM.ActiveCfg = Debug|Any CPU
		{86060D7E-3115-4F54-8008-384B3D7C598E}.Debug|Mixed Platforms.ActiveCfg = Debug|Any CPU
		{86060D7E-3115-4F54-8008-384B3D7C598E}.Debug|Mixed Platforms.Build.0 = Debug|Any CPU
		{86060D7E-3115-4F54-8008-384B3D7C598E}.Debug|x86.ActiveCfg = Debug|Any CPU
		{86060D7E-3115-4F54-8008-384B3D7C598E}.Release|Any CPU.ActiveCfg = Release|Any CPU
		{86060D7E-3115-4F54-8008-384B3D7C598E}.Release|Any CPU.Build.0 = Release|Any CPU
		{86060D7E-3115-4F54-8008-384B3D7C598E}.Release|ARM.ActiveCfg = Release|Any CPU
		{86060D7E-3115-4F54-8008-384B3D7C598E}.Release|Mixed Platforms.ActiveCfg = Release|Any CPU
		{86060D7E-3115-4F54-8008-384B3D7C598E}.Release|Mixed Platforms.Build.0 = Release|Any CPU
		{86060D7E-3115-4F54-8008-384B3D7C598E}.Release|x86.ActiveCfg = Release|Any CPU
		{F3940175-854B-4FA1-88C2-E53F9C436AFE}.Debug|Any CPU.ActiveCfg = Debug|x86
		{F3940175-854B-4FA1-88C2-E53F9C436AFE}.Debug|ARM.ActiveCfg = Debug|x86
		{F3940175-854B-4FA1-88C2-E53F9C436AFE}.Debug|Mixed Platforms.ActiveCfg = Debug|x86
		{F3940175-854B-4FA1-88C2-E53F9C436AFE}.Debug|Mixed Platforms.Build.0 = Debug|x86
		{F3940175-854B-4FA1-88C2-E53F9C436AFE}.Debug|x86.ActiveCfg = Debug|x86
		{F3940175-854B-4FA1-88C2-E53F9C436AFE}.Debug|x86.Build.0 = Debug|x86
		{F3940175-854B-4FA1-88C2-E53F9C436AFE}.Release|Any CPU.ActiveCfg = Release|x86
		{F3940175-854B-4FA1-88C2-E53F9C436AFE}.Release|ARM.ActiveCfg = Release|x86
		{F3940175-854B-4FA1-88C2-E53F9C436AFE}.Release|Mixed Platforms.ActiveCfg = Release|x86
		{F3940175-854B-4FA1-88C2-E53F9C436AFE}.Release|Mixed Platforms.Build.0 = Release|x86
		{F3940175-854B-4FA1-88C2-E53F9C436AFE}.Release|x86.ActiveCfg = Release|x86
		{F3940175-854B-4FA1-88C2-E53F9C436AFE}.Release|x86.Build.0 = Release|x86
		{2DB284EB-5B81-425A-957E-77EEB704EBDC}.Debug|Any CPU.ActiveCfg = Debug|Any CPU
		{2DB284EB-5B81-425A-957E-77EEB704EBDC}.Debug|Any CPU.Build.0 = Debug|Any CPU
		{2DB284EB-5B81-425A-957E-77EEB704EBDC}.Debug|ARM.ActiveCfg = Debug|Any CPU
		{2DB284EB-5B81-425A-957E-77EEB704EBDC}.Debug|Mixed Platforms.ActiveCfg = Debug|Any CPU
		{2DB284EB-5B81-425A-957E-77EEB704EBDC}.Debug|Mixed Platforms.Build.0 = Debug|Any CPU
		{2DB284EB-5B81-425A-957E-77EEB704EBDC}.Debug|x86.ActiveCfg = Debug|Any CPU
		{2DB284EB-5B81-425A-957E-77EEB704EBDC}.Release|Any CPU.ActiveCfg = Release|Any CPU
		{2DB284EB-5B81-425A-957E-77EEB704EBDC}.Release|Any CPU.Build.0 = Release|Any CPU
		{2DB284EB-5B81-425A-957E-77EEB704EBDC}.Release|ARM.ActiveCfg = Release|Any CPU
		{2DB284EB-5B81-425A-957E-77EEB704EBDC}.Release|Mixed Platforms.ActiveCfg = Release|Any CPU
		{2DB284EB-5B81-425A-957E-77EEB704EBDC}.Release|Mixed Platforms.Build.0 = Release|Any CPU
		{2DB284EB-5B81-425A-957E-77EEB704EBDC}.Release|x86.ActiveCfg = Release|Any CPU
	EndGlobalSection
	GlobalSection(SolutionProperties) = preSolution
		HideSolutionNode = FALSE
	EndGlobalSection
	GlobalSection(NestedProjects) = preSolution
		{BE97F564-16F5-4D09-9218-CC65E89DF2AC} = {F40BEE0B-DF4E-4407-AF75-78C75BFA48BA}
		{BF01AF3A-26B9-40F2-BB1E-9C702242B504} = {F40BEE0B-DF4E-4407-AF75-78C75BFA48BA}
		{BB3EA281-94B3-435F-A1EF-C395A7D1F25A} = {F40BEE0B-DF4E-4407-AF75-78C75BFA48BA}
		{9C1F9D69-3D6B-4D1C-B262-3DFCDE0746D4} = {F40BEE0B-DF4E-4407-AF75-78C75BFA48BA}
		{CAD7CC28-36E9-4B39-BA90-DF99815904EB} = {F40BEE0B-DF4E-4407-AF75-78C75BFA48BA}
		{F741017D-FD83-4F35-98A4-57AF366C1B53} = {F40BEE0B-DF4E-4407-AF75-78C75BFA48BA}
		{937BB6DC-7D95-4BD9-AD2C-CAB94DF4C1DA} = {F40BEE0B-DF4E-4407-AF75-78C75BFA48BA}
		{5B792C4B-80D8-420D-9FA7-E567FAF1F7B1} = {F40BEE0B-DF4E-4407-AF75-78C75BFA48BA}
		{84165F70-4BEB-46E2-A122-01ADA235950F} = {F40BEE0B-DF4E-4407-AF75-78C75BFA48BA}
		{86060D7E-3115-4F54-8008-384B3D7C598E} = {F40BEE0B-DF4E-4407-AF75-78C75BFA48BA}
		{41091951-EAB3-458C-9339-C4A8219FC300} = {4FA4189F-C6C6-4AC8-BBD4-0D1ED29422F8}
		{2F1A280D-EE75-4DC1-A36C-F8E5488E3260} = {4FA4189F-C6C6-4AC8-BBD4-0D1ED29422F8}
		{92A8665A-571B-4972-8FC6-0937EE27731E} = {4FA4189F-C6C6-4AC8-BBD4-0D1ED29422F8}
		{2B934BAA-21A6-472E-8D1F-89E7C17DFE5B} = {4FA4189F-C6C6-4AC8-BBD4-0D1ED29422F8}
		{BDF7D1EE-A9F2-4971-9EBF-B711D6C4B857} = {4FA4189F-C6C6-4AC8-BBD4-0D1ED29422F8}
		{2DB284EB-5B81-425A-957E-77EEB704EBDC} = {4FA4189F-C6C6-4AC8-BBD4-0D1ED29422F8}
		{F08AB9B4-B0E5-4B7F-AA1C-5FEB175A6639} = {E941830F-661F-4D18-8A86-CA09DC180883}
		{31E6C664-4807-43B7-8C91-59CB94717CCF} = {E941830F-661F-4D18-8A86-CA09DC180883}
		{069940FA-9405-4A4D-A1FC-87886660E5CB} = {E941830F-661F-4D18-8A86-CA09DC180883}
		{0EF2D384-11E8-48FE-8EC3-2F67AD896628} = {E941830F-661F-4D18-8A86-CA09DC180883}
		{459D8C0D-8033-4EAE-AB3C-CC17B4BABB39} = {9F1321D3-15C6-4EF5-8E66-9020A4F0E000}
		{F3940175-854B-4FA1-88C2-E53F9C436AFE} = {9F1321D3-15C6-4EF5-8E66-9020A4F0E000}
		{1AB5CAA3-E2B3-4D0E-8835-85C5263A9B36} = {C13B469C-383F-4DCC-9232-8DFAE68BE7AD}
		{A8C02B21-E1F1-48CB-94F8-E418FB75F72F} = {9D952F7B-660F-4C5D-99FB-376B8684B5C3}
	EndGlobalSection
EndGlobal
